
Microsoft Visual Studio Solution File, Format Version 12.00
# Visual Studio Version 16
VisualStudioVersion = 16.0.31702.278
MinimumVisualStudioVersion = 10.0.40219.1
Project("{FAE04EC0-301F-11D3-BF4B-00C04F79EFBC}") = "PDM_TP04.UWP", "PDM_TP04.UWP\PDM_TP04.UWP.csproj", "{795FAB86-A5DF-48E3-A721-8E4F1DDEBB63}"
EndProject
Project("{FAE04EC0-301F-11D3-BF4B-00C04F79EFBC}") = "PDM_TP04.Android", "PDM_TP04.Android\PDM_TP04.Android.csproj", "{CCC50B44-995D-48D2-9B5C-1BADF0133EF9}"
EndProject
Project("{FAE04EC0-301F-11D3-BF4B-00C04F79EFBC}") = "PDM_TP04.iOS", "PDM_TP04.iOS\PDM_TP04.iOS.csproj", "{64F6E107-208D-4D53-B86A-112D75C4A01E}"
EndProject
Project("{FAE04EC0-301F-11D3-BF4B-00C04F79EFBC}") = "PDM_TP04", "PDM_TP04\PDM_TP04.csproj", "{7773D57C-7494-4154-9661-B0AD698F4452}"
EndProject
Global
	GlobalSection(SolutionConfigurationPlatforms) = preSolution
		Debug|Any CPU = Debug|Any CPU
		Debug|ARM = Debug|ARM
		Debug|iPhone = Debug|iPhone
		Debug|iPhoneSimulator = Debug|iPhoneSimulator
		Debug|x64 = Debug|x64
		Debug|x86 = Debug|x86
		Release|Any CPU = Release|Any CPU
		Release|ARM = Release|ARM
		Release|iPhone = Release|iPhone
		Release|iPhoneSimulator = Release|iPhoneSimulator
		Release|x64 = Release|x64
		Release|x86 = Release|x86
	EndGlobalSection
	GlobalSection(ProjectConfigurationPlatforms) = postSolution
		{795FAB86-A5DF-48E3-A721-8E4F1DDEBB63}.Debug|Any CPU.ActiveCfg = Debug|x86
		{795FAB86-A5DF-48E3-A721-8E4F1DDEBB63}.Debug|Any CPU.Build.0 = Debug|x86
		{795FAB86-A5DF-48E3-A721-8E4F1DDEBB63}.Debug|Any CPU.Deploy.0 = Debug|x86
		{795FAB86-A5DF-48E3-A721-8E4F1DDEBB63}.Debug|ARM.ActiveCfg = Debug|ARM
		{795FAB86-A5DF-48E3-A721-8E4F1DDEBB63}.Debug|ARM.Build.0 = Debug|ARM
		{795FAB86-A5DF-48E3-A721-8E4F1DDEBB63}.Debug|ARM.Deploy.0 = Debug|ARM
		{795FAB86-A5DF-48E3-A721-8E4F1DDEBB63}.Debug|iPhone.ActiveCfg = Debug|x86
		{795FAB86-A5DF-48E3-A721-8E4F1DDEBB63}.Debug|iPhone.Build.0 = Debug|x86
		{795FAB86-A5DF-48E3-A721-8E4F1DDEBB63}.Debug|iPhone.Deploy.0 = Debug|x86
		{795FAB86-A5DF-48E3-A721-8E4F1DDEBB63}.Debug|iPhoneSimulator.ActiveCfg = Debug|x86
		{795FAB86-A5DF-48E3-A721-8E4F1DDEBB63}.Debug|iPhoneSimulator.Build.0 = Debug|x86
		{795FAB86-A5DF-48E3-A721-8E4F1DDEBB63}.Debug|iPhoneSimulator.Deploy.0 = Debug|x86
		{795FAB86-A5DF-48E3-A721-8E4F1DDEBB63}.Debug|x64.ActiveCfg = Debug|x64
		{795FAB86-A5DF-48E3-A721-8E4F1DDEBB63}.Debug|x64.Build.0 = Debug|x64
		{795FAB86-A5DF-48E3-A721-8E4F1DDEBB63}.Debug|x64.Deploy.0 = Debug|x64
		{795FAB86-A5DF-48E3-A721-8E4F1DDEBB63}.Debug|x86.ActiveCfg = Debug|x86
		{795FAB86-A5DF-48E3-A721-8E4F1DDEBB63}.Debug|x86.Build.0 = Debug|x86
		{795FAB86-A5DF-48E3-A721-8E4F1DDEBB63}.Debug|x86.Deploy.0 = Debug|x86
		{795FAB86-A5DF-48E3-A721-8E4F1DDEBB63}.Release|Any CPU.ActiveCfg = Release|x86
		{795FAB86-A5DF-48E3-A721-8E4F1DDEBB63}.Release|Any CPU.Build.0 = Release|x86
		{795FAB86-A5DF-48E3-A721-8E4F1DDEBB63}.Release|Any CPU.Deploy.0 = Release|x86
		{795FAB86-A5DF-48E3-A721-8E4F1DDEBB63}.Release|ARM.ActiveCfg = Release|ARM
		{795FAB86-A5DF-48E3-A721-8E4F1DDEBB63}.Release|ARM.Build.0 = Release|ARM
		{795FAB86-A5DF-48E3-A721-8E4F1DDEBB63}.Release|ARM.Deploy.0 = Release|ARM
		{795FAB86-A5DF-48E3-A721-8E4F1DDEBB63}.Release|iPhone.ActiveCfg = Release|x86
		{795FAB86-A5DF-48E3-A721-8E4F1DDEBB63}.Release|iPhone.Build.0 = Release|x86
		{795FAB86-A5DF-48E3-A721-8E4F1DDEBB63}.Release|iPhone.Deploy.0 = Release|x86
		{795FAB86-A5DF-48E3-A721-8E4F1DDEBB63}.Release|iPhoneSimulator.ActiveCfg = Release|x86
		{795FAB86-A5DF-48E3-A721-8E4F1DDEBB63}.Release|iPhoneSimulator.Build.0 = Release|x86
		{795FAB86-A5DF-48E3-A721-8E4F1DDEBB63}.Release|iPhoneSimulator.Deploy.0 = Release|x86
		{795FAB86-A5DF-48E3-A721-8E4F1DDEBB63}.Release|x64.ActiveCfg = Release|x64
		{795FAB86-A5DF-48E3-A721-8E4F1DDEBB63}.Release|x64.Build.0 = Release|x64
		{795FAB86-A5DF-48E3-A721-8E4F1DDEBB63}.Release|x64.Deploy.0 = Release|x64
		{795FAB86-A5DF-48E3-A721-8E4F1DDEBB63}.Release|x86.ActiveCfg = Release|x86
		{795FAB86-A5DF-48E3-A721-8E4F1DDEBB63}.Release|x86.Build.0 = Release|x86
		{795FAB86-A5DF-48E3-A721-8E4F1DDEBB63}.Release|x86.Deploy.0 = Release|x86
		{CCC50B44-995D-48D2-9B5C-1BADF0133EF9}.Debug|Any CPU.ActiveCfg = Debug|Any CPU
		{CCC50B44-995D-48D2-9B5C-1BADF0133EF9}.Debug|Any CPU.Build.0 = Debug|Any CPU
		{CCC50B44-995D-48D2-9B5C-1BADF0133EF9}.Debug|Any CPU.Deploy.0 = Debug|Any CPU
		{CCC50B44-995D-48D2-9B5C-1BADF0133EF9}.Debug|ARM.ActiveCfg = Debug|Any CPU
		{CCC50B44-995D-48D2-9B5C-1BADF0133EF9}.Debug|ARM.Build.0 = Debug|Any CPU
		{CCC50B44-995D-48D2-9B5C-1BADF0133EF9}.Debug|ARM.Deploy.0 = Debug|Any CPU
		{CCC50B44-995D-48D2-9B5C-1BADF0133EF9}.Debug|iPhone.ActiveCfg = Debug|Any CPU
		{CCC50B44-995D-48D2-9B5C-1BADF0133EF9}.Debug|iPhone.Build.0 = Debug|Any CPU
		{CCC50B44-995D-48D2-9B5C-1BADF0133EF9}.Debug|iPhone.Deploy.0 = Debug|Any CPU
		{CCC50B44-995D-48D2-9B5C-1BADF0133EF9}.Debug|iPhoneSimulator.ActiveCfg = Debug|Any CPU
		{CCC50B44-995D-48D2-9B5C-1BADF0133EF9}.Debug|iPhoneSimulator.Build.0 = Debug|Any CPU
		{CCC50B44-995D-48D2-9B5C-1BADF0133EF9}.Debug|iPhoneSimulator.Deploy.0 = Debug|Any CPU
		{CCC50B44-995D-48D2-9B5C-1BADF0133EF9}.Debug|x64.ActiveCfg = Debug|Any CPU
		{CCC50B44-995D-48D2-9B5C-1BADF0133EF9}.Debug|x64.Build.0 = Debug|Any CPU
		{CCC50B44-995D-48D2-9B5C-1BADF0133EF9}.Debug|x64.Deploy.0 = Debug|Any CPU
		{CCC50B44-995D-48D2-9B5C-1BADF0133EF9}.Debug|x86.ActiveCfg = Debug|Any CPU
		{CCC50B44-995D-48D2-9B5C-1BADF0133EF9}.Debug|x86.Build.0 = Debug|Any CPU
		{CCC50B44-995D-48D2-9B5C-1BADF0133EF9}.Debug|x86.Deploy.0 = Debug|Any CPU
		{CCC50B44-995D-48D2-9B5C-1BADF0133EF9}.Release|Any CPU.ActiveCfg = Release|Any CPU
		{CCC50B44-995D-48D2-9B5C-1BADF0133EF9}.Release|Any CPU.Build.0 = Release|Any CPU
		{CCC50B44-995D-48D2-9B5C-1BADF0133EF9}.Release|Any CPU.Deploy.0 = Release|Any CPU
		{CCC50B44-995D-48D2-9B5C-1BADF0133EF9}.Release|ARM.ActiveCfg = Release|Any CPU
		{CCC50B44-995D-48D2-9B5C-1BADF0133EF9}.Release|ARM.Build.0 = Release|Any CPU
		{CCC50B44-995D-48D2-9B5C-1BADF0133EF9}.Release|ARM.Deploy.0 = Release|Any CPU
		{CCC50B44-995D-48D2-9B5C-1BADF0133EF9}.Release|iPhone.ActiveCfg = Release|Any CPU
		{CCC50B44-995D-48D2-9B5C-1BADF0133EF9}.Release|iPhone.Build.0 = Release|Any CPU
		{CCC50B44-995D-48D2-9B5C-1BADF0133EF9}.Release|iPhone.Deploy.0 = Release|Any CPU
		{CCC50B44-995D-48D2-9B5C-1BADF0133EF9}.Release|iPhoneSimulator.ActiveCfg = Release|Any CPU
		{CCC50B44-995D-48D2-9B5C-1BADF0133EF9}.Release|iPhoneSimulator.Build.0 = Release|Any CPU
		{CCC50B44-995D-48D2-9B5C-1BADF0133EF9}.Release|iPhoneSimulator.Deploy.0 = Release|Any CPU
		{CCC50B44-995D-48D2-9B5C-1BADF0133EF9}.Release|x64.ActiveCfg = Release|Any CPU
		{CCC50B44-995D-48D2-9B5C-1BADF0133EF9}.Release|x64.Build.0 = Release|Any CPU
		{CCC50B44-995D-48D2-9B5C-1BADF0133EF9}.Release|x64.Deploy.0 = Release|Any CPU
		{CCC50B44-995D-48D2-9B5C-1BADF0133EF9}.Release|x86.ActiveCfg = Release|Any CPU
		{CCC50B44-995D-48D2-9B5C-1BADF0133EF9}.Release|x86.Build.0 = Release|Any CPU
		{CCC50B44-995D-48D2-9B5C-1BADF0133EF9}.Release|x86.Deploy.0 = Release|Any CPU
		{64F6E107-208D-4D53-B86A-112D75C4A01E}.Debug|Any CPU.ActiveCfg = Debug|iPhoneSimulator
		{64F6E107-208D-4D53-B86A-112D75C4A01E}.Debug|Any CPU.Build.0 = Debug|iPhoneSimulator
		{64F6E107-208D-4D53-B86A-112D75C4A01E}.Debug|Any CPU.Deploy.0 = Debug|iPhoneSimulator
		{64F6E107-208D-4D53-B86A-112D75C4A01E}.Debug|ARM.ActiveCfg = Debug|iPhone
		{64F6E107-208D-4D53-B86A-112D75C4A01E}.Debug|ARM.Build.0 = Debug|iPhone
		{64F6E107-208D-4D53-B86A-112D75C4A01E}.Debug|ARM.Deploy.0 = Debug|iPhone
		{64F6E107-208D-4D53-B86A-112D75C4A01E}.Debug|iPhone.ActiveCfg = Debug|iPhone
		{64F6E107-208D-4D53-B86A-112D75C4A01E}.Debug|iPhone.Build.0 = Debug|iPhone
		{64F6E107-208D-4D53-B86A-112D75C4A01E}.Debug|iPhone.Deploy.0 = Debug|iPhone
		{64F6E107-208D-4D53-B86A-112D75C4A01E}.Debug|iPhoneSimulator.ActiveCfg = Debug|iPhoneSimulator
		{64F6E107-208D-4D53-B86A-112D75C4A01E}.Debug|iPhoneSimulator.Build.0 = Debug|iPhoneSimulator
		{64F6E107-208D-4D53-B86A-112D75C4A01E}.Debug|iPhoneSimulator.Deploy.0 = Debug|iPhoneSimulator
		{64F6E107-208D-4D53-B86A-112D75C4A01E}.Debug|x64.ActiveCfg = Debug|iPhoneSimulator
		{64F6E107-208D-4D53-B86A-112D75C4A01E}.Debug|x64.Build.0 = Debug|iPhoneSimulator
		{64F6E107-208D-4D53-B86A-112D75C4A01E}.Debug|x64.Deploy.0 = Debug|iPhoneSimulator
		{64F6E107-208D-4D53-B86A-112D75C4A01E}.Debug|x86.ActiveCfg = Debug|iPhoneSimulator
		{64F6E107-208D-4D53-B86A-112D75C4A01E}.Debug|x86.Build.0 = Debug|iPhoneSimulator
		{64F6E107-208D-4D53-B86A-112D75C4A01E}.Debug|x86.Deploy.0 = Debug|iPhoneSimulator
		{64F6E107-208D-4D53-B86A-112D75C4A01E}.Release|Any CPU.ActiveCfg = Release|iPhoneSimulator
		{64F6E107-208D-4D53-B86A-112D75C4A01E}.Release|Any CPU.Build.0 = Release|iPhoneSimulator
		{64F6E107-208D-4D53-B86A-112D75C4A01E}.Release|Any CPU.Deploy.0 = Release|iPhoneSimulator
		{64F6E107-208D-4D53-B86A-112D75C4A01E}.Release|ARM.ActiveCfg = Release|iPhoneSimulator
		{64F6E107-208D-4D53-B86A-112D75C4A01E}.Release|ARM.Build.0 = Release|iPhoneSimulator
		{64F6E107-208D-4D53-B86A-112D75C4A01E}.Release|ARM.Deploy.0 = Release|iPhoneSimulator
		{64F6E107-208D-4D53-B86A-112D75C4A01E}.Release|iPhone.ActiveCfg = Release|iPhone
		{64F6E107-208D-4D53-B86A-112D75C4A01E}.Release|iPhone.Build.0 = Release|iPhone
		{64F6E107-208D-4D53-B86A-112D75C4A01E}.Release|iPhone.Deploy.0 = Release|iPhone
		{64F6E107-208D-4D53-B86A-112D75C4A01E}.Release|iPhoneSimulator.ActiveCfg = Release|iPhoneSimulator
		{64F6E107-208D-4D53-B86A-112D75C4A01E}.Release|iPhoneSimulator.Build.0 = Release|iPhoneSimulator
		{64F6E107-208D-4D53-B86A-112D75C4A01E}.Release|iPhoneSimulator.Deploy.0 = Release|iPhoneSimulator
		{64F6E107-208D-4D53-B86A-112D75C4A01E}.Release|x64.ActiveCfg = Release|iPhoneSimulator
		{64F6E107-208D-4D53-B86A-112D75C4A01E}.Release|x64.Build.0 = Release|iPhoneSimulator
		{64F6E107-208D-4D53-B86A-112D75C4A01E}.Release|x64.Deploy.0 = Release|iPhoneSimulator
		{64F6E107-208D-4D53-B86A-112D75C4A01E}.Release|x86.ActiveCfg = Release|iPhoneSimulator
		{64F6E107-208D-4D53-B86A-112D75C4A01E}.Release|x86.Build.0 = Release|iPhoneSimulator
		{64F6E107-208D-4D53-B86A-112D75C4A01E}.Release|x86.Deploy.0 = Release|iPhoneSimulator
		{7773D57C-7494-4154-9661-B0AD698F4452}.Debug|Any CPU.ActiveCfg = Debug|Any CPU
		{7773D57C-7494-4154-9661-B0AD698F4452}.Debug|Any CPU.Build.0 = Debug|Any CPU
		{7773D57C-7494-4154-9661-B0AD698F4452}.Debug|Any CPU.Deploy.0 = Debug|Any CPU
		{7773D57C-7494-4154-9661-B0AD698F4452}.Debug|ARM.ActiveCfg = Debug|Any CPU
		{7773D57C-7494-4154-9661-B0AD698F4452}.Debug|ARM.Build.0 = Debug|Any CPU
		{7773D57C-7494-4154-9661-B0AD698F4452}.Debug|ARM.Deploy.0 = Debug|Any CPU
		{7773D57C-7494-4154-9661-B0AD698F4452}.Debug|iPhone.ActiveCfg = Debug|Any CPU
		{7773D57C-7494-4154-9661-B0AD698F4452}.Debug|iPhone.Build.0 = Debug|Any CPU
		{7773D57C-7494-4154-9661-B0AD698F4452}.Debug|iPhone.Deploy.0 = Debug|Any CPU
		{7773D57C-7494-4154-9661-B0AD698F4452}.Debug|iPhoneSimulator.ActiveCfg = Debug|Any CPU
		{7773D57C-7494-4154-9661-B0AD698F4452}.Debug|iPhoneSimulator.Build.0 = Debug|Any CPU
		{7773D57C-7494-4154-9661-B0AD698F4452}.Debug|iPhoneSimulator.Deploy.0 = Debug|Any CPU
		{7773D57C-7494-4154-9661-B0AD698F4452}.Debug|x64.ActiveCfg = Debug|Any CPU
		{7773D57C-7494-4154-9661-B0AD698F4452}.Debug|x64.Build.0 = Debug|Any CPU
		{7773D57C-7494-4154-9661-B0AD698F4452}.Debug|x64.Deploy.0 = Debug|Any CPU
		{7773D57C-7494-4154-9661-B0AD698F4452}.Debug|x86.ActiveCfg = Debug|Any CPU
		{7773D57C-7494-4154-9661-B0AD698F4452}.Debug|x86.Build.0 = Debug|Any CPU
		{7773D57C-7494-4154-9661-B0AD698F4452}.Debug|x86.Deploy.0 = Debug|Any CPU
		{7773D57C-7494-4154-9661-B0AD698F4452}.Release|Any CPU.ActiveCfg = Release|Any CPU
		{7773D57C-7494-4154-9661-B0AD698F4452}.Release|Any CPU.Build.0 = Release|Any CPU
		{7773D57C-7494-4154-9661-B0AD698F4452}.Release|Any CPU.Deploy.0 = Release|Any CPU
		{7773D57C-7494-4154-9661-B0AD698F4452}.Release|ARM.ActiveCfg = Release|Any CPU
		{7773D57C-7494-4154-9661-B0AD698F4452}.Release|ARM.Build.0 = Release|Any CPU
		{7773D57C-7494-4154-9661-B0AD698F4452}.Release|ARM.Deploy.0 = Release|Any CPU
		{7773D57C-7494-4154-9661-B0AD698F4452}.Release|iPhone.ActiveCfg = Release|Any CPU
		{7773D57C-7494-4154-9661-B0AD698F4452}.Release|iPhone.Build.0 = Release|Any CPU
		{7773D57C-7494-4154-9661-B0AD698F4452}.Release|iPhone.Deploy.0 = Release|Any CPU
		{7773D57C-7494-4154-9661-B0AD698F4452}.Release|iPhoneSimulator.ActiveCfg = Release|Any CPU
		{7773D57C-7494-4154-9661-B0AD698F4452}.Release|iPhoneSimulator.Build.0 = Release|Any CPU
		{7773D57C-7494-4154-9661-B0AD698F4452}.Release|iPhoneSimulator.Deploy.0 = Release|Any CPU
		{7773D57C-7494-4154-9661-B0AD698F4452}.Release|x64.ActiveCfg = Release|Any CPU
		{7773D57C-7494-4154-9661-B0AD698F4452}.Release|x64.Build.0 = Release|Any CPU
		{7773D57C-7494-4154-9661-B0AD698F4452}.Release|x64.Deploy.0 = Release|Any CPU
		{7773D57C-7494-4154-9661-B0AD698F4452}.Release|x86.ActiveCfg = Release|Any CPU
		{7773D57C-7494-4154-9661-B0AD698F4452}.Release|x86.Build.0 = Release|Any CPU
		{7773D57C-7494-4154-9661-B0AD698F4452}.Release|x86.Deploy.0 = Release|Any CPU
	EndGlobalSection
	GlobalSection(SolutionProperties) = preSolution
		HideSolutionNode = FALSE
	EndGlobalSection
	GlobalSection(ExtensibilityGlobals) = postSolution
		SolutionGuid = {D60246E4-479A-4EF0-9821-2CBA86F06AD7}
	EndGlobalSection
EndGlobal
